
Microsoft Visual Studio Solution File, Format Version 11.00
# Visual Studio 2010
Project("{FAE04EC0-301F-11D3-BF4B-00C04F79EFBC}") = "ContenedorArchivos", "ContenedorArchivos\ContenedorArchivos.csproj", "{FB13F5BD-8E13-4960-894B-305A97C8161D}"
EndProject
Global
	GlobalSection(SolutionConfigurationPlatforms) = preSolution
		Debug|Any CPU = Debug|Any CPU
		Release|Any CPU = Release|Any CPU
	EndGlobalSection
	GlobalSection(ProjectConfigurationPlatforms) = postSolution
		{FB13F5BD-8E13-4960-894B-305A97C8161D}.Debug|Any CPU.ActiveCfg = Debug|Any CPU
		{FB13F5BD-8E13-4960-894B-305A97C8161D}.Debug|Any CPU.Build.0 = Debug|Any CPU
		{FB13F5BD-8E13-4960-894B-305A97C8161D}.Release|Any CPU.ActiveCfg = Release|Any CPU
		{FB13F5BD-8E13-4960-894B-305A97C8161D}.Release|Any CPU.Build.0 = Release|Any CPU
	EndGlobalSection
	GlobalSection(SolutionProperties) = preSolution
		HideSolutionNode = FALSE
	EndGlobalSection
EndGlobal
